
Microsoft Visual Studio Solution File, Format Version 12.00
# Visual Studio Version 17
VisualStudioVersion = 17.11.35219.272
MinimumVisualStudioVersion = 10.0.40219.1
Project("{2150E333-8FDC-42A3-9474-1A3956D46DE8}") = "src", "src", "{923E0DB3-D8AD-4EFE-ABDC-131EE9ED4475}"
EndProject
Project("{2150E333-8FDC-42A3-9474-1A3956D46DE8}") = "tests", "tests", "{001B8D66-3A88-410D-A543-3BD39C056373}"
EndProject
Project("{2150E333-8FDC-42A3-9474-1A3956D46DE8}") = "1.Core", "1.Core", "{735AADDB-9404-4D64-81D7-4278C824C72B}"
EndProject
Project("{2150E333-8FDC-42A3-9474-1A3956D46DE8}") = "2.Infra", "2.Infra", "{AD97341B-DE6E-45C6-B492-286594719041}"
EndProject
Project("{2150E333-8FDC-42A3-9474-1A3956D46DE8}") = "3.Endpoint", "3.Endpoint", "{7A6B7CD5-3370-4CAA-A2EA-1FF85F2DAE3E}"
EndProject
Project("{FAE04EC0-301F-11D3-BF4B-00C04F79EFBC}") = "TributechPoC.Domain", "src\1.Core\TributechPoC.Domain\TributechPoC.Domain.csproj", "{7C12F217-AD88-4709-A321-3C3117D8AC22}"
EndProject
Project("{2150E333-8FDC-42A3-9474-1A3956D46DE8}") = "Data", "Data", "{A4C2E02D-C998-47E0-8E36-2F4703232DB2}"
EndProject
Project("{FAE04EC0-301F-11D3-BF4B-00C04F79EFBC}") = "TributechPoC.Core.Contracts", "src\1.Core\TributechPoC.Core.Contracts\TributechPoC.Core.Contracts.csproj", "{6DCE91DB-CBBF-4AAB-90B9-733E11DDCB22}"
EndProject
Project("{9A19103F-16F7-4668-BE54-9A1E7A4F7556}") = "TributechPoC.Utilities", "src\1.Core\TributechPoC.Utilities\TributechPoC.Utilities.csproj", "{AF246D53-8ACA-4DFA-B61B-8EE235CF78FA}"
EndProject
Project("{9A19103F-16F7-4668-BE54-9A1E7A4F7556}") = "TributechPoC.Infra.Data.Sql", "src\2.Infra\Data\TributechPoC.Infra.Data.Sql\TributechPoC.Infra.Data.Sql.csproj", "{A8C157E1-5A21-479C-B0D0-B00B156CA174}"
EndProject
Project("{FAE04EC0-301F-11D3-BF4B-00C04F79EFBC}") = "TributechPoC.Core.ApplicationServices", "src\1.Core\TributechPoC.Core.ApplicationServices\TributechPoC.Core.ApplicationServices.csproj", "{EBAEDEFB-E5BE-4866-892F-E74F2CEB9F6E}"
EndProject
Global
	GlobalSection(SolutionConfigurationPlatforms) = preSolution
		Debug|Any CPU = Debug|Any CPU
		Release|Any CPU = Release|Any CPU
	EndGlobalSection
	GlobalSection(ProjectConfigurationPlatforms) = postSolution
		{7C12F217-AD88-4709-A321-3C3117D8AC22}.Debug|Any CPU.ActiveCfg = Debug|Any CPU
		{7C12F217-AD88-4709-A321-3C3117D8AC22}.Debug|Any CPU.Build.0 = Debug|Any CPU
		{7C12F217-AD88-4709-A321-3C3117D8AC22}.Release|Any CPU.ActiveCfg = Release|Any CPU
		{7C12F217-AD88-4709-A321-3C3117D8AC22}.Release|Any CPU.Build.0 = Release|Any CPU
		{6DCE91DB-CBBF-4AAB-90B9-733E11DDCB22}.Debug|Any CPU.ActiveCfg = Debug|Any CPU
		{6DCE91DB-CBBF-4AAB-90B9-733E11DDCB22}.Debug|Any CPU.Build.0 = Debug|Any CPU
		{6DCE91DB-CBBF-4AAB-90B9-733E11DDCB22}.Release|Any CPU.ActiveCfg = Release|Any CPU
		{6DCE91DB-CBBF-4AAB-90B9-733E11DDCB22}.Release|Any CPU.Build.0 = Release|Any CPU
		{AF246D53-8ACA-4DFA-B61B-8EE235CF78FA}.Debug|Any CPU.ActiveCfg = Debug|Any CPU
		{AF246D53-8ACA-4DFA-B61B-8EE235CF78FA}.Debug|Any CPU.Build.0 = Debug|Any CPU
		{AF246D53-8ACA-4DFA-B61B-8EE235CF78FA}.Release|Any CPU.ActiveCfg = Release|Any CPU
		{AF246D53-8ACA-4DFA-B61B-8EE235CF78FA}.Release|Any CPU.Build.0 = Release|Any CPU
		{A8C157E1-5A21-479C-B0D0-B00B156CA174}.Debug|Any CPU.ActiveCfg = Debug|Any CPU
		{A8C157E1-5A21-479C-B0D0-B00B156CA174}.Debug|Any CPU.Build.0 = Debug|Any CPU
		{A8C157E1-5A21-479C-B0D0-B00B156CA174}.Release|Any CPU.ActiveCfg = Release|Any CPU
		{A8C157E1-5A21-479C-B0D0-B00B156CA174}.Release|Any CPU.Build.0 = Release|Any CPU
		{EBAEDEFB-E5BE-4866-892F-E74F2CEB9F6E}.Debug|Any CPU.ActiveCfg = Debug|Any CPU
		{EBAEDEFB-E5BE-4866-892F-E74F2CEB9F6E}.Debug|Any CPU.Build.0 = Debug|Any CPU
		{EBAEDEFB-E5BE-4866-892F-E74F2CEB9F6E}.Release|Any CPU.ActiveCfg = Release|Any CPU
		{EBAEDEFB-E5BE-4866-892F-E74F2CEB9F6E}.Release|Any CPU.Build.0 = Release|Any CPU
	EndGlobalSection
	GlobalSection(SolutionProperties) = preSolution
		HideSolutionNode = FALSE
	EndGlobalSection
	GlobalSection(NestedProjects) = preSolution
		{735AADDB-9404-4D64-81D7-4278C824C72B} = {923E0DB3-D8AD-4EFE-ABDC-131EE9ED4475}
		{AD97341B-DE6E-45C6-B492-286594719041} = {923E0DB3-D8AD-4EFE-ABDC-131EE9ED4475}
		{7A6B7CD5-3370-4CAA-A2EA-1FF85F2DAE3E} = {923E0DB3-D8AD-4EFE-ABDC-131EE9ED4475}
		{7C12F217-AD88-4709-A321-3C3117D8AC22} = {735AADDB-9404-4D64-81D7-4278C824C72B}
		{A4C2E02D-C998-47E0-8E36-2F4703232DB2} = {AD97341B-DE6E-45C6-B492-286594719041}
		{6DCE91DB-CBBF-4AAB-90B9-733E11DDCB22} = {735AADDB-9404-4D64-81D7-4278C824C72B}
		{AF246D53-8ACA-4DFA-B61B-8EE235CF78FA} = {735AADDB-9404-4D64-81D7-4278C824C72B}
		{A8C157E1-5A21-479C-B0D0-B00B156CA174} = {A4C2E02D-C998-47E0-8E36-2F4703232DB2}
		{EBAEDEFB-E5BE-4866-892F-E74F2CEB9F6E} = {735AADDB-9404-4D64-81D7-4278C824C72B}
	EndGlobalSection
	GlobalSection(ExtensibilityGlobals) = postSolution
		SolutionGuid = {0AD3161F-32F4-437A-B341-EBA03623659B}
	EndGlobalSection
EndGlobal
